// !$*UTF8*$!
{
	archiveVersion = 1;
	classes = {
	};
	objectVersion = 46;
	objects = {

/* Begin PBXFileReference section */
		B81BE0B31885B26F00B8C4CD /* template_print.xetex */ = {isa = PBXFileReference; lastKnownFileType = text; path = template_print.xetex; sourceTree = "<group>"; };
		B890B77C177CCBBB0065C000 /* sync.sh */ = {isa = PBXFileReference; lastKnownFileType = text.script.sh; path = sync.sh; sourceTree = "<group>"; };
		B890B77D177CD0C80065C000 /* exclude-list.txt */ = {isa = PBXFileReference; lastKnownFileType = text; path = "exclude-list.txt"; sourceTree = "<group>"; };
		B890B77E178200E60065C000 /* to_xetex.py */ = {isa = PBXFileReference; lastKnownFileType = text.script.python; path = to_xetex.py; sourceTree = "<group>"; };
		B890B781178227C20065C000 /* demo.xetex */ = {isa = PBXFileReference; lastKnownFileType = text; path = demo.xetex; sourceTree = "<group>"; };
		B8BBDD111778C6C20079AB91 /* classes.js */ = {isa = PBXFileReference; lastKnownFileType = sourcecode.javascript; path = classes.js; sourceTree = "<group>"; };
		B8BDCBE117834E4B000C5AE9 /* print.css */ = {isa = PBXFileReference; lastKnownFileType = text.css; path = print.css; sourceTree = "<group>"; };
		B8BF829A1783566F00D99C67 /* template_web.xetex */ = {isa = PBXFileReference; lastKnownFileType = text; path = template_web.xetex; sourceTree = "<group>"; };
		B8BF829B17836C5300D99C67 /* test.xetex */ = {isa = PBXFileReference; lastKnownFileType = text; path = test.xetex; sourceTree = "<group>"; };
		B8CD418C17738AA5005AAC23 /* 404.html */ = {isa = PBXFileReference; lastKnownFileType = text.html; path = 404.html; sourceTree = "<group>"; };
		B8CD418D17738AA5005AAC23 /* apple-touch-icon-57x57-precomposed.png */ = {isa = PBXFileReference; lastKnownFileType = image.png; path = "apple-touch-icon-57x57-precomposed.png"; sourceTree = "<group>"; };
		B8CD418E17738AA5005AAC23 /* apple-touch-icon-72x72-precomposed.png */ = {isa = PBXFileReference; lastKnownFileType = image.png; path = "apple-touch-icon-72x72-precomposed.png"; sourceTree = "<group>"; };
		B8CD418F17738AA5005AAC23 /* apple-touch-icon-114x114-precomposed.png */ = {isa = PBXFileReference; lastKnownFileType = image.png; path = "apple-touch-icon-114x114-precomposed.png"; sourceTree = "<group>"; };
		B8CD419017738AA5005AAC23 /* apple-touch-icon-144x144-precomposed.png */ = {isa = PBXFileReference; lastKnownFileType = image.png; path = "apple-touch-icon-144x144-precomposed.png"; sourceTree = "<group>"; };
		B8CD419117738AA5005AAC23 /* apple-touch-icon-precomposed.png */ = {isa = PBXFileReference; lastKnownFileType = image.png; path = "apple-touch-icon-precomposed.png"; sourceTree = "<group>"; };
		B8CD419217738AA5005AAC23 /* apple-touch-icon.png */ = {isa = PBXFileReference; lastKnownFileType = image.png; path = "apple-touch-icon.png"; sourceTree = "<group>"; };
		B8CD419317738AA5005AAC23 /* CHANGELOG.md */ = {isa = PBXFileReference; lastKnownFileType = text; path = CHANGELOG.md; sourceTree = "<group>"; };
		B8CD419417738AA5005AAC23 /* CONTRIBUTING.md */ = {isa = PBXFileReference; lastKnownFileType = text; path = CONTRIBUTING.md; sourceTree = "<group>"; };
		B8CD419517738AA5005AAC23 /* crossdomain.xml */ = {isa = PBXFileReference; lastKnownFileType = text.xml; path = crossdomain.xml; sourceTree = "<group>"; };
		B8CD419717738AA5005AAC23 /* jquery.svg.css */ = {isa = PBXFileReference; lastKnownFileType = text.css; path = jquery.svg.css; sourceTree = "<group>"; };
		B8CD419817738AA5005AAC23 /* main.css */ = {isa = PBXFileReference; lastKnownFileType = text.css; path = main.css; sourceTree = "<group>"; };
		B8CD419917738AA5005AAC23 /* normalize.css */ = {isa = PBXFileReference; lastKnownFileType = text.css; path = normalize.css; sourceTree = "<group>"; };
		B8CD419B17738AA5005AAC23 /* design.pdf */ = {isa = PBXFileReference; lastKnownFileType = image.pdf; path = design.pdf; sourceTree = "<group>"; };
		B8CD419D17738AA5005AAC23 /* crossdomain.md */ = {isa = PBXFileReference; lastKnownFileType = text; path = crossdomain.md; sourceTree = "<group>"; };
		B8CD419E17738AA5005AAC23 /* css.md */ = {isa = PBXFileReference; lastKnownFileType = text; path = css.md; sourceTree = "<group>"; };
		B8CD419F17738AA5005AAC23 /* extend.md */ = {isa = PBXFileReference; lastKnownFileType = text; path = extend.md; sourceTree = "<group>"; };
		B8CD41A017738AA5005AAC23 /* faq.md */ = {isa = PBXFileReference; lastKnownFileType = text; path = faq.md; sourceTree = "<group>"; };
		B8CD41A117738AA5005AAC23 /* html.md */ = {isa = PBXFileReference; lastKnownFileType = text; path = html.md; sourceTree = "<group>"; };
		B8CD41A217738AA5005AAC23 /* js.md */ = {isa = PBXFileReference; lastKnownFileType = text; path = js.md; sourceTree = "<group>"; };
		B8CD41A317738AA5005AAC23 /* misc.md */ = {isa = PBXFileReference; lastKnownFileType = text; path = misc.md; sourceTree = "<group>"; };
		B8CD41A417738AA5005AAC23 /* TOC.md */ = {isa = PBXFileReference; lastKnownFileType = text; path = TOC.md; sourceTree = "<group>"; };
		B8CD41A517738AA5005AAC23 /* usage.md */ = {isa = PBXFileReference; lastKnownFileType = text; path = usage.md; sourceTree = "<group>"; };
		B8CD41A617738AA5005AAC23 /* favicon.ico */ = {isa = PBXFileReference; lastKnownFileType = image.ico; path = favicon.ico; sourceTree = "<group>"; };
		B8CD41A917738AA5005AAC23 /* FuturaT-Bold.eot */ = {isa = PBXFileReference; lastKnownFileType = file; path = "FuturaT-Bold.eot"; sourceTree = "<group>"; };
		B8CD41AA17738AA5005AAC23 /* FuturaT-Bold.svg */ = {isa = PBXFileReference; lastKnownFileType = text.xml; path = "FuturaT-Bold.svg"; sourceTree = "<group>"; };
		B8CD41AB17738AA5005AAC23 /* FuturaT-Bold.ttf */ = {isa = PBXFileReference; lastKnownFileType = file; path = "FuturaT-Bold.ttf"; sourceTree = "<group>"; };
		B8CD41AC17738AA5005AAC23 /* FuturaT-Bold.woff */ = {isa = PBXFileReference; lastKnownFileType = file; path = "FuturaT-Bold.woff"; sourceTree = "<group>"; };
		B8CD41AD17738AA5005AAC23 /* FuturaT-BoldOblique.eot */ = {isa = PBXFileReference; lastKnownFileType = file; path = "FuturaT-BoldOblique.eot"; sourceTree = "<group>"; };
		B8CD41AE17738AA5005AAC23 /* FuturaT-BoldOblique.svg */ = {isa = PBXFileReference; lastKnownFileType = text.xml; path = "FuturaT-BoldOblique.svg"; sourceTree = "<group>"; };
		B8CD41AF17738AA5005AAC23 /* FuturaT-BoldOblique.ttf */ = {isa = PBXFileReference; lastKnownFileType = file; path = "FuturaT-BoldOblique.ttf"; sourceTree = "<group>"; };
		B8CD41B017738AA5005AAC23 /* FuturaT-BoldOblique.woff */ = {isa = PBXFileReference; lastKnownFileType = file; path = "FuturaT-BoldOblique.woff"; sourceTree = "<group>"; };
		B8CD41B117738AA5005AAC23 /* FuturaT-Book.eot */ = {isa = PBXFileReference; lastKnownFileType = file; path = "FuturaT-Book.eot"; sourceTree = "<group>"; };
		B8CD41B217738AA5005AAC23 /* FuturaT-Book.svg */ = {isa = PBXFileReference; lastKnownFileType = text.xml; path = "FuturaT-Book.svg"; sourceTree = "<group>"; };
		B8CD41B317738AA5005AAC23 /* FuturaT-Book.ttf */ = {isa = PBXFileReference; lastKnownFileType = file; path = "FuturaT-Book.ttf"; sourceTree = "<group>"; };
		B8CD41B417738AA5005AAC23 /* FuturaT-Book.woff */ = {isa = PBXFileReference; lastKnownFileType = file; path = "FuturaT-Book.woff"; sourceTree = "<group>"; };
		B8CD41B517738AA5005AAC23 /* FuturaT-BookOblique.eot */ = {isa = PBXFileReference; lastKnownFileType = file; path = "FuturaT-BookOblique.eot"; sourceTree = "<group>"; };
		B8CD41B617738AA5005AAC23 /* FuturaT-BookOblique.svg */ = {isa = PBXFileReference; lastKnownFileType = text.xml; path = "FuturaT-BookOblique.svg"; sourceTree = "<group>"; };
		B8CD41B717738AA5005AAC23 /* FuturaT-BookOblique.ttf */ = {isa = PBXFileReference; lastKnownFileType = file; path = "FuturaT-BookOblique.ttf"; sourceTree = "<group>"; };
		B8CD41B817738AA5005AAC23 /* FuturaT-BookOblique.woff */ = {isa = PBXFileReference; lastKnownFileType = file; path = "FuturaT-BookOblique.woff"; sourceTree = "<group>"; };
		B8CD41B917738AA5005AAC23 /* FuturaT-Demi.eot */ = {isa = PBXFileReference; lastKnownFileType = file; path = "FuturaT-Demi.eot"; sourceTree = "<group>"; };
		B8CD41BA17738AA5005AAC23 /* FuturaT-Demi.svg */ = {isa = PBXFileReference; lastKnownFileType = text.xml; path = "FuturaT-Demi.svg"; sourceTree = "<group>"; };
		B8CD41BB17738AA5005AAC23 /* FuturaT-Demi.ttf */ = {isa = PBXFileReference; lastKnownFileType = file; path = "FuturaT-Demi.ttf"; sourceTree = "<group>"; };
		B8CD41BC17738AA5005AAC23 /* FuturaT-Demi.woff */ = {isa = PBXFileReference; lastKnownFileType = file; path = "FuturaT-Demi.woff"; sourceTree = "<group>"; };
		B8CD41BD17738AA5005AAC23 /* FuturaT-DemiOblique.eot */ = {isa = PBXFileReference; lastKnownFileType = file; path = "FuturaT-DemiOblique.eot"; sourceTree = "<group>"; };
		B8CD41BE17738AA5005AAC23 /* FuturaT-DemiOblique.svg */ = {isa = PBXFileReference; lastKnownFileType = text.xml; path = "FuturaT-DemiOblique.svg"; sourceTree = "<group>"; };
		B8CD41BF17738AA5005AAC23 /* FuturaT-DemiOblique.ttf */ = {isa = PBXFileReference; lastKnownFileType = file; path = "FuturaT-DemiOblique.ttf"; sourceTree = "<group>"; };
		B8CD41C017738AA5005AAC23 /* FuturaT-DemiOblique.woff */ = {isa = PBXFileReference; lastKnownFileType = file; path = "FuturaT-DemiOblique.woff"; sourceTree = "<group>"; };
		B8CD41C117738AA5005AAC23 /* FuturaT-ExtraBold.eot */ = {isa = PBXFileReference; lastKnownFileType = file; path = "FuturaT-ExtraBold.eot"; sourceTree = "<group>"; };
		B8CD41C217738AA5005AAC23 /* FuturaT-ExtraBold.svg */ = {isa = PBXFileReference; lastKnownFileType = text.xml; path = "FuturaT-ExtraBold.svg"; sourceTree = "<group>"; };
		B8CD41C317738AA5005AAC23 /* FuturaT-ExtraBold.ttf */ = {isa = PBXFileReference; lastKnownFileType = file; path = "FuturaT-ExtraBold.ttf"; sourceTree = "<group>"; };
		B8CD41C417738AA5005AAC23 /* FuturaT-ExtraBold.woff */ = {isa = PBXFileReference; lastKnownFileType = file; path = "FuturaT-ExtraBold.woff"; sourceTree = "<group>"; };
		B8CD41C517738AA5005AAC23 /* FuturaT-ExtraBoldOblique.eot */ = {isa = PBXFileReference; lastKnownFileType = file; path = "FuturaT-ExtraBoldOblique.eot"; sourceTree = "<group>"; };
		B8CD41C617738AA5005AAC23 /* FuturaT-ExtraBoldOblique.svg */ = {isa = PBXFileReference; lastKnownFileType = text.xml; path = "FuturaT-ExtraBoldOblique.svg"; sourceTree = "<group>"; };
		B8CD41C717738AA5005AAC23 /* FuturaT-ExtraBoldOblique.ttf */ = {isa = PBXFileReference; lastKnownFileType = file; path = "FuturaT-ExtraBoldOblique.ttf"; sourceTree = "<group>"; };
		B8CD41C817738AA5005AAC23 /* FuturaT-ExtraBoldOblique.woff */ = {isa = PBXFileReference; lastKnownFileType = file; path = "FuturaT-ExtraBoldOblique.woff"; sourceTree = "<group>"; };
		B8CD41C917738AA5005AAC23 /* FuturaT-Light.eot */ = {isa = PBXFileReference; lastKnownFileType = file; path = "FuturaT-Light.eot"; sourceTree = "<group>"; };
		B8CD41CA17738AA5005AAC23 /* FuturaT-Light.svg */ = {isa = PBXFileReference; lastKnownFileType = text.xml; path = "FuturaT-Light.svg"; sourceTree = "<group>"; };
		B8CD41CB17738AA5005AAC23 /* FuturaT-Light.ttf */ = {isa = PBXFileReference; lastKnownFileType = file; path = "FuturaT-Light.ttf"; sourceTree = "<group>"; };
		B8CD41CC17738AA5005AAC23 /* FuturaT-Light.woff */ = {isa = PBXFileReference; lastKnownFileType = file; path = "FuturaT-Light.woff"; sourceTree = "<group>"; };
		B8CD41CD17738AA5005AAC23 /* FuturaT-LightOblique.eot */ = {isa = PBXFileReference; lastKnownFileType = file; path = "FuturaT-LightOblique.eot"; sourceTree = "<group>"; };
		B8CD41CE17738AA5005AAC23 /* FuturaT-LightOblique.svg */ = {isa = PBXFileReference; lastKnownFileType = text.xml; path = "FuturaT-LightOblique.svg"; sourceTree = "<group>"; };
		B8CD41CF17738AA5005AAC23 /* FuturaT-LightOblique.ttf */ = {isa = PBXFileReference; lastKnownFileType = file; path = "FuturaT-LightOblique.ttf"; sourceTree = "<group>"; };
		B8CD41D017738AA5005AAC23 /* FuturaT-LightOblique.woff */ = {isa = PBXFileReference; lastKnownFileType = file; path = "FuturaT-LightOblique.woff"; sourceTree = "<group>"; };
		B8CD41D117738AA5005AAC23 /* FuturaT-Medium.eot */ = {isa = PBXFileReference; lastKnownFileType = file; path = "FuturaT-Medium.eot"; sourceTree = "<group>"; };
		B8CD41D217738AA5005AAC23 /* FuturaT-Medium.svg */ = {isa = PBXFileReference; lastKnownFileType = text.xml; path = "FuturaT-Medium.svg"; sourceTree = "<group>"; };
		B8CD41D317738AA5005AAC23 /* FuturaT-Medium.ttf */ = {isa = PBXFileReference; lastKnownFileType = file; path = "FuturaT-Medium.ttf"; sourceTree = "<group>"; };
		B8CD41D417738AA5005AAC23 /* FuturaT-Medium.woff */ = {isa = PBXFileReference; lastKnownFileType = file; path = "FuturaT-Medium.woff"; sourceTree = "<group>"; };
		B8CD41D517738AA5005AAC23 /* FuturaT-MediumOblique.eot */ = {isa = PBXFileReference; lastKnownFileType = file; path = "FuturaT-MediumOblique.eot"; sourceTree = "<group>"; };
		B8CD41D617738AA5005AAC23 /* FuturaT-MediumOblique.svg */ = {isa = PBXFileReference; lastKnownFileType = text.xml; path = "FuturaT-MediumOblique.svg"; sourceTree = "<group>"; };
		B8CD41D717738AA5005AAC23 /* FuturaT-MediumOblique.ttf */ = {isa = PBXFileReference; lastKnownFileType = file; path = "FuturaT-MediumOblique.ttf"; sourceTree = "<group>"; };
		B8CD41D817738AA5005AAC23 /* FuturaT-MediumOblique.woff */ = {isa = PBXFileReference; lastKnownFileType = file; path = "FuturaT-MediumOblique.woff"; sourceTree = "<group>"; };
		B8CD41D917738AA5005AAC23 /* stylesheet.css */ = {isa = PBXFileReference; lastKnownFileType = text.css; path = stylesheet.css; sourceTree = "<group>"; };
		B8CD41DA17738AA5005AAC23 /* humans.txt */ = {isa = PBXFileReference; lastKnownFileType = text; path = humans.txt; sourceTree = "<group>"; };
		B8CD41DC17738AA5005AAC23 /* .gitignore */ = {isa = PBXFileReference; lastKnownFileType = text; path = .gitignore; sourceTree = "<group>"; };
		B8CD41DD17738AA5005AAC23 /* index.html */ = {isa = PBXFileReference; lastKnownFileType = text.html; path = index.html; sourceTree = "<group>"; };
		B8CD41DF17738AA5005AAC23 /* main.js */ = {isa = PBXFileReference; lastKnownFileType = sourcecode.javascript; path = main.js; sourceTree = "<group>"; };
		B8CD41E017738AA5005AAC23 /* plugins.js */ = {isa = PBXFileReference; lastKnownFileType = sourcecode.javascript; path = plugins.js; sourceTree = "<group>"; };
		B8CD41E217738AA5005AAC23 /* classy.js */ = {isa = PBXFileReference; lastKnownFileType = sourcecode.javascript; path = classy.js; sourceTree = "<group>"; };
		B8CD41E317738AA5005AAC23 /* jquery-1.9.1.min.js */ = {isa = PBXFileReference; lastKnownFileType = sourcecode.javascript; path = "jquery-1.9.1.min.js"; sourceTree = "<group>"; };
		B8CD41E417738AA5005AAC23 /* jquery.svg.js */ = {isa = PBXFileReference; lastKnownFileType = sourcecode.javascript; path = jquery.svg.js; sourceTree = "<group>"; };
		B8CD41E517738AA5005AAC23 /* jquery.svg.min.js */ = {isa = PBXFileReference; lastKnownFileType = sourcecode.javascript; path = jquery.svg.min.js; sourceTree = "<group>"; };
		B8CD41E617738AA5005AAC23 /* jquery.svg.pack.js */ = {isa = PBXFileReference; lastKnownFileType = sourcecode.javascript; path = jquery.svg.pack.js; sourceTree = "<group>"; };
		B8CD41E717738AA5005AAC23 /* jquery.svganim.js */ = {isa = PBXFileReference; lastKnownFileType = sourcecode.javascript; path = jquery.svganim.js; sourceTree = "<group>"; };
		B8CD41E817738AA5005AAC23 /* jquery.svganim.min.js */ = {isa = PBXFileReference; lastKnownFileType = sourcecode.javascript; path = jquery.svganim.min.js; sourceTree = "<group>"; };
		B8CD41E917738AA5005AAC23 /* jquery.svganim.pack.js */ = {isa = PBXFileReference; lastKnownFileType = sourcecode.javascript; path = jquery.svganim.pack.js; sourceTree = "<group>"; };
		B8CD41EA17738AA5005AAC23 /* jquery.svgdom.js */ = {isa = PBXFileReference; lastKnownFileType = sourcecode.javascript; path = jquery.svgdom.js; sourceTree = "<group>"; };
		B8CD41EB17738AA5005AAC23 /* jquery.svgdom.min.js */ = {isa = PBXFileReference; lastKnownFileType = sourcecode.javascript; path = jquery.svgdom.min.js; sourceTree = "<group>"; };
		B8CD41EC17738AA5005AAC23 /* jquery.svgdom.pack.js */ = {isa = PBXFileReference; lastKnownFileType = sourcecode.javascript; path = jquery.svgdom.pack.js; sourceTree = "<group>"; };
		B8CD41ED17738AA5005AAC23 /* jquery.svgfilter.js */ = {isa = PBXFileReference; lastKnownFileType = sourcecode.javascript; path = jquery.svgfilter.js; sourceTree = "<group>"; };
		B8CD41EE17738AA5005AAC23 /* jquery.svgfilter.min.js */ = {isa = PBXFileReference; lastKnownFileType = sourcecode.javascript; path = jquery.svgfilter.min.js; sourceTree = "<group>"; };
		B8CD41EF17738AA5005AAC23 /* jquery.svgfilter.pack.js */ = {isa = PBXFileReference; lastKnownFileType = sourcecode.javascript; path = jquery.svgfilter.pack.js; sourceTree = "<group>"; };
		B8CD41F017738AA5005AAC23 /* jquery.svggraph.js */ = {isa = PBXFileReference; lastKnownFileType = sourcecode.javascript; path = jquery.svggraph.js; sourceTree = "<group>"; };
		B8CD41F117738AA5005AAC23 /* jquery.svggraph.min.js */ = {isa = PBXFileReference; lastKnownFileType = sourcecode.javascript; path = jquery.svggraph.min.js; sourceTree = "<group>"; };
		B8CD41F217738AA5005AAC23 /* jquery.svggraph.pack.js */ = {isa = PBXFileReference; lastKnownFileType = sourcecode.javascript; path = jquery.svggraph.pack.js; sourceTree = "<group>"; };
		B8CD41F317738AA5005AAC23 /* jquery.svgplot.js */ = {isa = PBXFileReference; lastKnownFileType = sourcecode.javascript; path = jquery.svgplot.js; sourceTree = "<group>"; };
		B8CD41F417738AA5005AAC23 /* jquery.svgplot.min.js */ = {isa = PBXFileReference; lastKnownFileType = sourcecode.javascript; path = jquery.svgplot.min.js; sourceTree = "<group>"; };
		B8CD41F517738AA5005AAC23 /* jquery.svgplot.pack.js */ = {isa = PBXFileReference; lastKnownFileType = sourcecode.javascript; path = jquery.svgplot.pack.js; sourceTree = "<group>"; };
		B8CD41F617738AA5005AAC23 /* modernizr-2.6.2.min.js */ = {isa = PBXFileReference; lastKnownFileType = sourcecode.javascript; path = "modernizr-2.6.2.min.js"; sourceTree = "<group>"; };
		B8CD41F717738AA5005AAC23 /* LICENSE.md */ = {isa = PBXFileReference; lastKnownFileType = text; path = LICENSE.md; sourceTree = "<group>"; };
		B8CD41F917738AA5005AAC23 /* lorenz.py */ = {isa = PBXFileReference; lastKnownFileType = text.script.python; path = lorenz.py; sourceTree = "<group>"; };
		B8CD41FA17738AA5005AAC23 /* README.md */ = {isa = PBXFileReference; lastKnownFileType = text; path = README.md; sourceTree = "<group>"; };
		B8CD41FB17738AA5005AAC23 /* robots.txt */ = {isa = PBXFileReference; lastKnownFileType = text; path = robots.txt; sourceTree = "<group>"; };
/* End PBXFileReference section */

/* Begin PBXGroup section */
		B870AFBB176A905E009C506F = {
			isa = PBXGroup;
			children = (
				B890B77F1782070E0065C000 /* tex */,
				B890B77C177CCBBB0065C000 /* sync.sh */,
				B890B77D177CD0C80065C000 /* exclude-list.txt */,
				B8CD418C17738AA5005AAC23 /* 404.html */,
				B8CD418D17738AA5005AAC23 /* apple-touch-icon-57x57-precomposed.png */,
				B8CD418E17738AA5005AAC23 /* apple-touch-icon-72x72-precomposed.png */,
				B8CD418F17738AA5005AAC23 /* apple-touch-icon-114x114-precomposed.png */,
				B8CD419017738AA5005AAC23 /* apple-touch-icon-144x144-precomposed.png */,
				B8CD419117738AA5005AAC23 /* apple-touch-icon-precomposed.png */,
				B8CD419217738AA5005AAC23 /* apple-touch-icon.png */,
				B8CD419317738AA5005AAC23 /* CHANGELOG.md */,
				B8CD419417738AA5005AAC23 /* CONTRIBUTING.md */,
				B8CD419517738AA5005AAC23 /* crossdomain.xml */,
				B8CD419617738AA5005AAC23 /* css */,
				B8CD419A17738AA5005AAC23 /* design */,
				B8CD419C17738AA5005AAC23 /* doc */,
				B8CD41A617738AA5005AAC23 /* favicon.ico */,
				B8CD41A717738AA5005AAC23 /* fonts */,
				B8CD41DA17738AA5005AAC23 /* humans.txt */,
				B8CD41DB17738AA5005AAC23 /* img */,
				B8CD41DD17738AA5005AAC23 /* index.html */,
				B8CD41DE17738AA5005AAC23 /* js */,
				B8CD41F717738AA5005AAC23 /* LICENSE.md */,
				B8CD41F817738AA5005AAC23 /* python */,
				B8CD41FA17738AA5005AAC23 /* README.md */,
				B8CD41FB17738AA5005AAC23 /* robots.txt */,
			);
			sourceTree = "<group>";
		};
		B890B77F1782070E0065C000 /* tex */ = {
			isa = PBXGroup;
			children = (
				B8BF829B17836C5300D99C67 /* test.xetex */,
				B8BF829A1783566F00D99C67 /* template_web.xetex */,
				B81BE0B31885B26F00B8C4CD /* template_print.xetex */,
				B890B781178227C20065C000 /* demo.xetex */,
			);
			path = tex;
			sourceTree = "<group>";
		};
		B8CD419617738AA5005AAC23 /* css */ = {
			isa = PBXGroup;
			children = (
				B8CD419717738AA5005AAC23 /* jquery.svg.css */,
				B8CD419817738AA5005AAC23 /* main.css */,
				B8CD419917738AA5005AAC23 /* normalize.css */,
				B8BDCBE117834E4B000C5AE9 /* print.css */,
			);
			path = css;
			sourceTree = "<group>";
		};
		B8CD419A17738AA5005AAC23 /* design */ = {
			isa = PBXGroup;
			children = (
				B8CD419B17738AA5005AAC23 /* design.pdf */,
			);
			path = design;
			sourceTree = "<group>";
		};
		B8CD419C17738AA5005AAC23 /* doc */ = {
			isa = PBXGroup;
			children = (
				B8CD419D17738AA5005AAC23 /* crossdomain.md */,
				B8CD419E17738AA5005AAC23 /* css.md */,
				B8CD419F17738AA5005AAC23 /* extend.md */,
				B8CD41A017738AA5005AAC23 /* faq.md */,
				B8CD41A117738AA5005AAC23 /* html.md */,
				B8CD41A217738AA5005AAC23 /* js.md */,
				B8CD41A317738AA5005AAC23 /* misc.md */,
				B8CD41A417738AA5005AAC23 /* TOC.md */,
				B8CD41A517738AA5005AAC23 /* usage.md */,
			);
			path = doc;
			sourceTree = "<group>";
		};
		B8CD41A717738AA5005AAC23 /* fonts */ = {
			isa = PBXGroup;
			children = (
				B8CD41A817738AA5005AAC23 /* FuturaT */,
			);
			path = fonts;
			sourceTree = "<group>";
		};
		B8CD41A817738AA5005AAC23 /* FuturaT */ = {
			isa = PBXGroup;
			children = (
				B8CD41A917738AA5005AAC23 /* FuturaT-Bold.eot */,
				B8CD41AA17738AA5005AAC23 /* FuturaT-Bold.svg */,
				B8CD41AB17738AA5005AAC23 /* FuturaT-Bold.ttf */,
				B8CD41AC17738AA5005AAC23 /* FuturaT-Bold.woff */,
				B8CD41AD17738AA5005AAC23 /* FuturaT-BoldOblique.eot */,
				B8CD41AE17738AA5005AAC23 /* FuturaT-BoldOblique.svg */,
				B8CD41AF17738AA5005AAC23 /* FuturaT-BoldOblique.ttf */,
				B8CD41B017738AA5005AAC23 /* FuturaT-BoldOblique.woff */,
				B8CD41B117738AA5005AAC23 /* FuturaT-Book.eot */,
				B8CD41B217738AA5005AAC23 /* FuturaT-Book.svg */,
				B8CD41B317738AA5005AAC23 /* FuturaT-Book.ttf */,
				B8CD41B417738AA5005AAC23 /* FuturaT-Book.woff */,
				B8CD41B517738AA5005AAC23 /* FuturaT-BookOblique.eot */,
				B8CD41B617738AA5005AAC23 /* FuturaT-BookOblique.svg */,
				B8CD41B717738AA5005AAC23 /* FuturaT-BookOblique.ttf */,
				B8CD41B817738AA5005AAC23 /* FuturaT-BookOblique.woff */,
				B8CD41B917738AA5005AAC23 /* FuturaT-Demi.eot */,
				B8CD41BA17738AA5005AAC23 /* FuturaT-Demi.svg */,
				B8CD41BB17738AA5005AAC23 /* FuturaT-Demi.ttf */,
				B8CD41BC17738AA5005AAC23 /* FuturaT-Demi.woff */,
				B8CD41BD17738AA5005AAC23 /* FuturaT-DemiOblique.eot */,
				B8CD41BE17738AA5005AAC23 /* FuturaT-DemiOblique.svg */,
				B8CD41BF17738AA5005AAC23 /* FuturaT-DemiOblique.ttf */,
				B8CD41C017738AA5005AAC23 /* FuturaT-DemiOblique.woff */,
				B8CD41C117738AA5005AAC23 /* FuturaT-ExtraBold.eot */,
				B8CD41C217738AA5005AAC23 /* FuturaT-ExtraBold.svg */,
				B8CD41C317738AA5005AAC23 /* FuturaT-ExtraBold.ttf */,
				B8CD41C417738AA5005AAC23 /* FuturaT-ExtraBold.woff */,
				B8CD41C517738AA5005AAC23 /* FuturaT-ExtraBoldOblique.eot */,
				B8CD41C617738AA5005AAC23 /* FuturaT-ExtraBoldOblique.svg */,
				B8CD41C717738AA5005AAC23 /* FuturaT-ExtraBoldOblique.ttf */,
				B8CD41C817738AA5005AAC23 /* FuturaT-ExtraBoldOblique.woff */,
				B8CD41C917738AA5005AAC23 /* FuturaT-Light.eot */,
				B8CD41CA17738AA5005AAC23 /* FuturaT-Light.svg */,
				B8CD41CB17738AA5005AAC23 /* FuturaT-Light.ttf */,
				B8CD41CC17738AA5005AAC23 /* FuturaT-Light.woff */,
				B8CD41CD17738AA5005AAC23 /* FuturaT-LightOblique.eot */,
				B8CD41CE17738AA5005AAC23 /* FuturaT-LightOblique.svg */,
				B8CD41CF17738AA5005AAC23 /* FuturaT-LightOblique.ttf */,
				B8CD41D017738AA5005AAC23 /* FuturaT-LightOblique.woff */,
				B8CD41D117738AA5005AAC23 /* FuturaT-Medium.eot */,
				B8CD41D217738AA5005AAC23 /* FuturaT-Medium.svg */,
				B8CD41D317738AA5005AAC23 /* FuturaT-Medium.ttf */,
				B8CD41D417738AA5005AAC23 /* FuturaT-Medium.woff */,
				B8CD41D517738AA5005AAC23 /* FuturaT-MediumOblique.eot */,
				B8CD41D617738AA5005AAC23 /* FuturaT-MediumOblique.svg */,
				B8CD41D717738AA5005AAC23 /* FuturaT-MediumOblique.ttf */,
				B8CD41D817738AA5005AAC23 /* FuturaT-MediumOblique.woff */,
				B8CD41D917738AA5005AAC23 /* stylesheet.css */,
			);
			path = FuturaT;
			sourceTree = "<group>";
		};
		B8CD41DB17738AA5005AAC23 /* img */ = {
			isa = PBXGroup;
			children = (
				B8CD41DC17738AA5005AAC23 /* .gitignore */,
			);
			path = img;
			sourceTree = "<group>";
		};
		B8CD41DE17738AA5005AAC23 /* js */ = {
			isa = PBXGroup;
			children = (
				B8CD41DF17738AA5005AAC23 /* main.js */,
				B8BBDD111778C6C20079AB91 /* classes.js */,
				B8CD41E017738AA5005AAC23 /* plugins.js */,
				B8CD41E117738AA5005AAC23 /* vendor */,
			);
			path = js;
			sourceTree = "<group>";
		};
		B8CD41E117738AA5005AAC23 /* vendor */ = {
			isa = PBXGroup;
			children = (
				B8CD41E217738AA5005AAC23 /* classy.js */,
				B8CD41E317738AA5005AAC23 /* jquery-1.9.1.min.js */,
				B8CD41E417738AA5005AAC23 /* jquery.svg.js */,
				B8CD41E517738AA5005AAC23 /* jquery.svg.min.js */,
				B8CD41E617738AA5005AAC23 /* jquery.svg.pack.js */,
				B8CD41E717738AA5005AAC23 /* jquery.svganim.js */,
				B8CD41E817738AA5005AAC23 /* jquery.svganim.min.js */,
				B8CD41E917738AA5005AAC23 /* jquery.svganim.pack.js */,
				B8CD41EA17738AA5005AAC23 /* jquery.svgdom.js */,
				B8CD41EB17738AA5005AAC23 /* jquery.svgdom.min.js */,
				B8CD41EC17738AA5005AAC23 /* jquery.svgdom.pack.js */,
				B8CD41ED17738AA5005AAC23 /* jquery.svgfilter.js */,
				B8CD41EE17738AA5005AAC23 /* jquery.svgfilter.min.js */,
				B8CD41EF17738AA5005AAC23 /* jquery.svgfilter.pack.js */,
				B8CD41F017738AA5005AAC23 /* jquery.svggraph.js */,
				B8CD41F117738AA5005AAC23 /* jquery.svggraph.min.js */,
				B8CD41F217738AA5005AAC23 /* jquery.svggraph.pack.js */,
				B8CD41F317738AA5005AAC23 /* jquery.svgplot.js */,
				B8CD41F417738AA5005AAC23 /* jquery.svgplot.min.js */,
				B8CD41F517738AA5005AAC23 /* jquery.svgplot.pack.js */,
				B8CD41F617738AA5005AAC23 /* modernizr-2.6.2.min.js */,
			);
			path = vendor;
			sourceTree = "<group>";
		};
		B8CD41F817738AA5005AAC23 /* python */ = {
			isa = PBXGroup;
			children = (
				B8CD41F917738AA5005AAC23 /* lorenz.py */,
				B890B77E178200E60065C000 /* to_xetex.py */,
			);
			path = python;
			sourceTree = "<group>";
		};
/* End PBXGroup section */

/* Begin PBXProject section */
		B870AFBC176A905E009C506F /* Project object */ = {
			isa = PBXProject;
			attributes = {
				LastUpgradeCheck = 0460;
			};
			buildConfigurationList = B870AFBF176A905E009C506F /* Build configuration list for PBXProject "mikesachs.com" */;
			compatibilityVersion = "Xcode 3.2";
			developmentRegion = English;
			hasScannedForEncodings = 0;
			knownRegions = (
				en,
			);
			mainGroup = B870AFBB176A905E009C506F;
			productRefGroup = B870AFBB176A905E009C506F;
			projectDirPath = "";
			projectRoot = "";
			targets = (
			);
		};
/* End PBXProject section */

/* Begin XCBuildConfiguration section */
		B870AFC0176A905E009C506F /* Debug */ = {
			isa = XCBuildConfiguration;
			buildSettings = {
			};
			name = Debug;
		};
		B870AFC1176A905E009C506F /* Release */ = {
			isa = XCBuildConfiguration;
			buildSettings = {
			};
			name = Release;
		};
/* End XCBuildConfiguration section */

/* Begin XCConfigurationList section */
		B870AFBF176A905E009C506F /* Build configuration list for PBXProject "mikesachs.com" */ = {
			isa = XCConfigurationList;
			buildConfigurations = (
				B870AFC0176A905E009C506F /* Debug */,
				B870AFC1176A905E009C506F /* Release */,
			);
			defaultConfigurationIsVisible = 0;
			defaultConfigurationName = Release;
		};
/* End XCConfigurationList section */
	};
	rootObject = B870AFBC176A905E009C506F /* Project object */;
}
